// !$*UTF8*$!
{
	archiveVersion = 1;
	classes = {
	};
	objectVersion = 54;
	objects = {

/* Begin PBXBuildFile section */
		00E356F31AD99517003FC87E /* WoodAITUAFTests.m in Sources */ = {isa = PBXBuildFile; fileRef = 00E356F21AD99517003FC87E /* WoodAITUAFTests.m */; };
		0489CEF4CC13D2003783D477 /* Pods_WoodAITUAF.framework in Frameworks */ = {isa = PBXBuildFile; fileRef = 2B69A1B7E882EBFAC51FFEE6 /* Pods_WoodAITUAF.framework */; };
		13B07FBC1A68108700A75B9A /* AppDelegate.mm in Sources */ = {isa = PBXBuildFile; fileRef = 13B07FB01A68108700A75B9A /* AppDelegate.mm */; };
		13B07FBF1A68108700A75B9A /* Images.xcassets in Resources */ = {isa = PBXBuildFile; fileRef = 13B07FB51A68108700A75B9A /* Images.xcassets */; };
		13B07FC11A68108700A75B9A /* main.m in Sources */ = {isa = PBXBuildFile; fileRef = 13B07FB71A68108700A75B9A /* main.m */; };
		719CE355270B8A3156B2426B /* Pods_WoodAITUAF_WoodAITUAFTests.framework in Frameworks */ = {isa = PBXBuildFile; fileRef = BA69F2FBDD80B2513AB41288 /* Pods_WoodAITUAF_WoodAITUAFTests.framework */; };
		81AB9BB82411601600AC10FF /* LaunchScreen.storyboard in Resources */ = {isa = PBXBuildFile; fileRef = 81AB9BB72411601600AC10FF /* LaunchScreen.storyboard */; };
		B846FF56572DDF4C8EB13A0F /* PrivacyInfo.xcprivacy in Resources */ = {isa = PBXBuildFile; fileRef = 9D23EF096DC9174CB7206C7C /* PrivacyInfo.xcprivacy */; };
		D44B473A2DFC29F0003B64C8 /* ImageRecognizerModule.mm in Sources */ = {isa = PBXBuildFile; fileRef = D44B47392DFC29F0003B64C8 /* ImageRecognizerModule.mm */; };
		D44B473B2DFC29F0003B64C8 /* ImageRecognizerModule.mm in Sources */ = {isa = PBXBuildFile; fileRef = D44B47392DFC29F0003B64C8 /* ImageRecognizerModule.mm */; };
		D47F3F792E541BE400BBEF35 /* model_converted_v2.onnx in Resources */ = {isa = PBXBuildFile; fileRef = D47F3F782E541BE400BBEF35 /* model_converted_v2.onnx */; };
		D4A8A0FD2DFFE6DE009C4804 /* Accelerate.framework in Frameworks */ = {isa = PBXBuildFile; fileRef = D4A8A0FC2DFFE6DE009C4804 /* Accelerate.framework */; };
		D4FC9EA12DFC32DE00330C02 /* File.swift in Sources */ = {isa = PBXBuildFile; fileRef = D4FC9EA02DFC32DE00330C02 /* File.swift */; };
		D4FC9EA22DFC32DE00330C02 /* File.swift in Sources */ = {isa = PBXBuildFile; fileRef = D4FC9EA02DFC32DE00330C02 /* File.swift */; };
		F163E44F152E4A418F4FA6E4 /* XyzFrameProcessor.mm in Sources */ = {isa = PBXBuildFile; fileRef = 6A6BD87742944014BD7CFAD5 /* XyzFrameProcessor.mm */; };
/* End PBXBuildFile section */

/* Begin PBXContainerItemProxy section */
		00E356F41AD99517003FC87E /* PBXContainerItemProxy */ = {
			isa = PBXContainerItemProxy;
			containerPortal = 83CBB9F71A601CBA00E9B192 /* Project object */;
			proxyType = 1;
			remoteGlobalIDString = 13B07F861A680F5B00A75B9A;
			remoteInfo = WoodAITUAF;
		};
/* End PBXContainerItemProxy section */

/* Begin PBXFileReference section */
		00E356EE1AD99517003FC87E /* WoodAITUAFTests.xctest */ = {isa = PBXFileReference; explicitFileType = wrapper.cfbundle; includeInIndex = 0; path = WoodAITUAFTests.xctest; sourceTree = BUILT_PRODUCTS_DIR; };
		00E356F11AD99517003FC87E /* Info.plist */ = {isa = PBXFileReference; lastKnownFileType = text.plist.xml; path = Info.plist; sourceTree = "<group>"; };
		00E356F21AD99517003FC87E /* WoodAITUAFTests.m */ = {isa = PBXFileReference; lastKnownFileType = sourcecode.c.objc; path = WoodAITUAFTests.m; sourceTree = "<group>"; };
		0302B42AB9549F6CCC87413F /* Pods-WoodAITUAF.release.xcconfig */ = {isa = PBXFileReference; includeInIndex = 1; lastKnownFileType = text.xcconfig; name = "Pods-WoodAITUAF.release.xcconfig"; path = "Target Support Files/Pods-WoodAITUAF/Pods-WoodAITUAF.release.xcconfig"; sourceTree = "<group>"; };
		13B07F961A680F5B00A75B9A /* WoodAITUAF.app */ = {isa = PBXFileReference; explicitFileType = wrapper.application; includeInIndex = 0; path = WoodAITUAF.app; sourceTree = BUILT_PRODUCTS_DIR; };
		13B07FAF1A68108700A75B9A /* AppDelegate.h */ = {isa = PBXFileReference; fileEncoding = 4; lastKnownFileType = sourcecode.c.h; name = AppDelegate.h; path = WoodAITUAF/AppDelegate.h; sourceTree = "<group>"; };
		13B07FB01A68108700A75B9A /* AppDelegate.mm */ = {isa = PBXFileReference; fileEncoding = 4; lastKnownFileType = sourcecode.cpp.objcpp; name = AppDelegate.mm; path = WoodAITUAF/AppDelegate.mm; sourceTree = "<group>"; };
		13B07FB51A68108700A75B9A /* Images.xcassets */ = {isa = PBXFileReference; lastKnownFileType = folder.assetcatalog; name = Images.xcassets; path = WoodAITUAF/Images.xcassets; sourceTree = "<group>"; };
		13B07FB61A68108700A75B9A /* Info.plist */ = {isa = PBXFileReference; fileEncoding = 4; lastKnownFileType = text.plist.xml; name = Info.plist; path = WoodAITUAF/Info.plist; sourceTree = "<group>"; };
		13B07FB71A68108700A75B9A /* main.m */ = {isa = PBXFileReference; fileEncoding = 4; lastKnownFileType = sourcecode.c.objc; name = main.m; path = WoodAITUAF/main.m; sourceTree = "<group>"; };
		13B07FB81A68108700A75B9A /* PrivacyInfo.xcprivacy */ = {isa = PBXFileReference; fileEncoding = 4; lastKnownFileType = text.plist.xml; name = PrivacyInfo.xcprivacy; path = WoodAITUAF/PrivacyInfo.xcprivacy; sourceTree = "<group>"; };
		2B69A1B7E882EBFAC51FFEE6 /* Pods_WoodAITUAF.framework */ = {isa = PBXFileReference; explicitFileType = wrapper.framework; includeInIndex = 0; path = Pods_WoodAITUAF.framework; sourceTree = BUILT_PRODUCTS_DIR; };
		6A6BD87742944014BD7CFAD5 /* XyzFrameProcessor.mm */ = {isa = PBXFileReference; explicitFileType = undefined; fileEncoding = 9; includeInIndex = 0; lastKnownFileType = unknown; path = XyzFrameProcessor.mm; sourceTree = "<group>"; };
		81AB9BB72411601600AC10FF /* LaunchScreen.storyboard */ = {isa = PBXFileReference; fileEncoding = 4; lastKnownFileType = file.storyboard; name = LaunchScreen.storyboard; path = WoodAITUAF/LaunchScreen.storyboard; sourceTree = "<group>"; };
		9D23EF096DC9174CB7206C7C /* PrivacyInfo.xcprivacy */ = {isa = PBXFileReference; includeInIndex = 1; lastKnownFileType = text.xml; name = PrivacyInfo.xcprivacy; path = WoodAITUAF/PrivacyInfo.xcprivacy; sourceTree = "<group>"; };
		BA69F2FBDD80B2513AB41288 /* Pods_WoodAITUAF_WoodAITUAFTests.framework */ = {isa = PBXFileReference; explicitFileType = wrapper.framework; includeInIndex = 0; path = Pods_WoodAITUAF_WoodAITUAFTests.framework; sourceTree = BUILT_PRODUCTS_DIR; };
		C80CE0252362E247C4E1A7D9 /* Pods-WoodAITUAF-WoodAITUAFTests.release.xcconfig */ = {isa = PBXFileReference; includeInIndex = 1; lastKnownFileType = text.xcconfig; name = "Pods-WoodAITUAF-WoodAITUAFTests.release.xcconfig"; path = "Target Support Files/Pods-WoodAITUAF-WoodAITUAFTests/Pods-WoodAITUAF-WoodAITUAFTests.release.xcconfig"; sourceTree = "<group>"; };
		D41BB51E2DFFB03400A99752 /* WoodAITUAF-Bridging-Header.h */ = {isa = PBXFileReference; lastKnownFileType = sourcecode.c.h; path = "WoodAITUAF-Bridging-Header.h"; sourceTree = "<group>"; };
		D44B47372DFC27FC003B64C8 /* WoodAITUAF-Bridging-Header.h */ = {isa = PBXFileReference; lastKnownFileType = sourcecode.c.h; path = "WoodAITUAF-Bridging-Header.h"; sourceTree = "<group>"; };
		D44B47382DFC29F0003B64C8 /* ImageRecognizerModule.h */ = {isa = PBXFileReference; lastKnownFileType = sourcecode.c.h; path = ImageRecognizerModule.h; sourceTree = "<group>"; };
		D44B47392DFC29F0003B64C8 /* ImageRecognizerModule.mm */ = {isa = PBXFileReference; lastKnownFileType = sourcecode.cpp.objcpp; path = ImageRecognizerModule.mm; sourceTree = "<group>"; };
		D47F3F782E541BE400BBEF35 /* model_converted_v2.onnx */ = {isa = PBXFileReference; lastKnownFileType = text; path = model_converted_v2.onnx; sourceTree = "<group>"; };
		D4A8A0FC2DFFE6DE009C4804 /* Accelerate.framework */ = {isa = PBXFileReference; lastKnownFileType = wrapper.framework; name = Accelerate.framework; path = System/Library/Frameworks/Accelerate.framework; sourceTree = SDKROOT; };
		D4FC9EA02DFC32DE00330C02 /* File.swift */ = {isa = PBXFileReference; lastKnownFileType = sourcecode.swift; path = File.swift; sourceTree = "<group>"; };
		DD6E1432EB481D535718811B /* Pods-WoodAITUAF.debug.xcconfig */ = {isa = PBXFileReference; includeInIndex = 1; lastKnownFileType = text.xcconfig; name = "Pods-WoodAITUAF.debug.xcconfig"; path = "Target Support Files/Pods-WoodAITUAF/Pods-WoodAITUAF.debug.xcconfig"; sourceTree = "<group>"; };
		E07039A5F7B83DC1631974F1 /* Pods-WoodAITUAF-WoodAITUAFTests.debug.xcconfig */ = {isa = PBXFileReference; includeInIndex = 1; lastKnownFileType = text.xcconfig; name = "Pods-WoodAITUAF-WoodAITUAFTests.debug.xcconfig"; path = "Target Support Files/Pods-WoodAITUAF-WoodAITUAFTests/Pods-WoodAITUAF-WoodAITUAFTests.debug.xcconfig"; sourceTree = "<group>"; };
		ED297162215061F000B7C4FE /* JavaScriptCore.framework */ = {isa = PBXFileReference; lastKnownFileType = wrapper.framework; name = JavaScriptCore.framework; path = System/Library/Frameworks/JavaScriptCore.framework; sourceTree = SDKROOT; };
/* End PBXFileReference section */

/* Begin PBXFrameworksBuildPhase section */
		00E356EB1AD99517003FC87E /* Frameworks */ = {
			isa = PBXFrameworksBuildPhase;
			buildActionMask = 2147483647;
			files = (
				719CE355270B8A3156B2426B /* Pods_WoodAITUAF_WoodAITUAFTests.framework in Frameworks */,
			);
			runOnlyForDeploymentPostprocessing = 0;
		};
		13B07F8C1A680F5B00A75B9A /* Frameworks */ = {
			isa = PBXFrameworksBuildPhase;
			buildActionMask = 2147483647;
			files = (
				D4A8A0FD2DFFE6DE009C4804 /* Accelerate.framework in Frameworks */,
				0489CEF4CC13D2003783D477 /* Pods_WoodAITUAF.framework in Frameworks */,
			);
			runOnlyForDeploymentPostprocessing = 0;
		};
/* End PBXFrameworksBuildPhase section */

/* Begin PBXGroup section */
		00E356EF1AD99517003FC87E /* WoodAITUAFTests */ = {
			isa = PBXGroup;
			children = (
				00E356F21AD99517003FC87E /* WoodAITUAFTests.m */,
				00E356F01AD99517003FC87E /* Supporting Files */,
			);
			path = WoodAITUAFTests;
			sourceTree = "<group>";
		};
		00E356F01AD99517003FC87E /* Supporting Files */ = {
			isa = PBXGroup;
			children = (
				00E356F11AD99517003FC87E /* Info.plist */,
			);
			name = "Supporting Files";
			sourceTree = "<group>";
		};
		13B07FAE1A68108700A75B9A /* WoodAITUAF */ = {
			isa = PBXGroup;
			children = (
				D47F3F782E541BE400BBEF35 /* model_converted_v2.onnx */,
				D44B47382DFC29F0003B64C8 /* ImageRecognizerModule.h */,
				D44B47392DFC29F0003B64C8 /* ImageRecognizerModule.mm */,
				13B07FAF1A68108700A75B9A /* AppDelegate.h */,
				13B07FB01A68108700A75B9A /* AppDelegate.mm */,
				13B07FB51A68108700A75B9A /* Images.xcassets */,
				13B07FB61A68108700A75B9A /* Info.plist */,
				81AB9BB72411601600AC10FF /* LaunchScreen.storyboard */,
				13B07FB71A68108700A75B9A /* main.m */,
				13B07FB81A68108700A75B9A /* PrivacyInfo.xcprivacy */,
				9D23EF096DC9174CB7206C7C /* PrivacyInfo.xcprivacy */,
				D44B47372DFC27FC003B64C8 /* WoodAITUAF-Bridging-Header.h */,
			);
			name = WoodAITUAF;
			sourceTree = "<group>";
		};
		2D16E6871FA4F8E400B85C8A /* Frameworks */ = {
			isa = PBXGroup;
			children = (
				D4A8A0FC2DFFE6DE009C4804 /* Accelerate.framework */,
				ED297162215061F000B7C4FE /* JavaScriptCore.framework */,
				2B69A1B7E882EBFAC51FFEE6 /* Pods_WoodAITUAF.framework */,
				BA69F2FBDD80B2513AB41288 /* Pods_WoodAITUAF_WoodAITUAFTests.framework */,
			);
			name = Frameworks;
			sourceTree = "<group>";
		};
		7D05DD3E5D5A4B559305E3DA /* XyzFrameProcessor */ = {
			isa = PBXGroup;
			children = (
				6A6BD87742944014BD7CFAD5 /* XyzFrameProcessor.mm */,
			);
			path = XyzFrameProcessor;
			sourceTree = "<group>";
		};
		832341AE1AAA6A7D00B99B32 /* Libraries */ = {
			isa = PBXGroup;
			children = (
			);
			name = Libraries;
			sourceTree = "<group>";
		};
		83CBB9F61A601CBA00E9B192 = {
			isa = PBXGroup;
			children = (
				D41BB51E2DFFB03400A99752 /* WoodAITUAF-Bridging-Header.h */,
				D4FC9EA02DFC32DE00330C02 /* File.swift */,
				13B07FAE1A68108700A75B9A /* WoodAITUAF */,
				832341AE1AAA6A7D00B99B32 /* Libraries */,
				00E356EF1AD99517003FC87E /* WoodAITUAFTests */,
				83CBBA001A601CBA00E9B192 /* Products */,
				2D16E6871FA4F8E400B85C8A /* Frameworks */,
				BBD78D7AC51CEA395F1C20DB /* Pods */,
				7D05DD3E5D5A4B559305E3DA /* XyzFrameProcessor */,
			);
			indentWidth = 2;
			sourceTree = "<group>";
			tabWidth = 2;
			usesTabs = 0;
		};
		83CBBA001A601CBA00E9B192 /* Products */ = {
			isa = PBXGroup;
			children = (
				13B07F961A680F5B00A75B9A /* WoodAITUAF.app */,
				00E356EE1AD99517003FC87E /* WoodAITUAFTests.xctest */,
			);
			name = Products;
			sourceTree = "<group>";
		};
		BBD78D7AC51CEA395F1C20DB /* Pods */ = {
			isa = PBXGroup;
			children = (
				DD6E1432EB481D535718811B /* Pods-WoodAITUAF.debug.xcconfig */,
				0302B42AB9549F6CCC87413F /* Pods-WoodAITUAF.release.xcconfig */,
				E07039A5F7B83DC1631974F1 /* Pods-WoodAITUAF-WoodAITUAFTests.debug.xcconfig */,
				C80CE0252362E247C4E1A7D9 /* Pods-WoodAITUAF-WoodAITUAFTests.release.xcconfig */,
			);
			path = Pods;
			sourceTree = "<group>";
		};
/* End PBXGroup section */

/* Begin PBXNativeTarget section */
		00E356ED1AD99517003FC87E /* WoodAITUAFTests */ = {
			isa = PBXNativeTarget;
			buildConfigurationList = 00E357021AD99517003FC87E /* Build configuration list for PBXNativeTarget "WoodAITUAFTests" */;
			buildPhases = (
				72A9EC4FE0D8AF52DA23A923 /* [CP] Check Pods Manifest.lock */,
				00E356EA1AD99517003FC87E /* Sources */,
				00E356EB1AD99517003FC87E /* Frameworks */,
				00E356EC1AD99517003FC87E /* Resources */,
				C95CE427EE8905E93AEAA31D /* [CP] Embed Pods Frameworks */,
				FBBF97C359D6F722793230D3 /* [CP] Copy Pods Resources */,
			);
			buildRules = (
			);
			dependencies = (
				00E356F51AD99517003FC87E /* PBXTargetDependency */,
			);
			name = WoodAITUAFTests;
			productName = WoodAITUAFTests;
			productReference = 00E356EE1AD99517003FC87E /* WoodAITUAFTests.xctest */;
			productType = "com.apple.product-type.bundle.unit-test";
		};
		13B07F861A680F5B00A75B9A /* WoodAITUAF */ = {
			isa = PBXNativeTarget;
			buildConfigurationList = 13B07F931A680F5B00A75B9A /* Build configuration list for PBXNativeTarget "WoodAITUAF" */;
			buildPhases = (
				D3A1968B18DB684286101518 /* [CP] Check Pods Manifest.lock */,
				13B07F871A680F5B00A75B9A /* Sources */,
				13B07F8C1A680F5B00A75B9A /* Frameworks */,
				13B07F8E1A680F5B00A75B9A /* Resources */,
				00DD1BFF1BD5951E006B06BC /* Bundle React Native code and images */,
				D2A0F7ABEFC6CD15FCDB7840 /* [CP] Embed Pods Frameworks */,
				DE8BB4FE3D1C9F23A3F60A5C /* [CP] Copy Pods Resources */,
			);
			buildRules = (
			);
			dependencies = (
			);
			name = WoodAITUAF;
			productName = WoodAITUAF;
			productReference = 13B07F961A680F5B00A75B9A /* WoodAITUAF.app */;
			productType = "com.apple.product-type.application";
		};
/* End PBXNativeTarget section */

/* Begin PBXProject section */
		83CBB9F71A601CBA00E9B192 /* Project object */ = {
			isa = PBXProject;
			attributes = {
				BuildIndependentTargetsInParallel = YES;
				LastUpgradeCheck = 1640;
				TargetAttributes = {
					00E356ED1AD99517003FC87E = {
						CreatedOnToolsVersion = 6.2;
						LastSwiftMigration = 1640;
						TestTargetID = 13B07F861A680F5B00A75B9A;
					};
					13B07F861A680F5B00A75B9A = {
						LastSwiftMigration = 1640;
					};
				};
			};
			buildConfigurationList = 83CBB9FA1A601CBA00E9B192 /* Build configuration list for PBXProject "WoodAITUAF" */;
			compatibilityVersion = "Xcode 12.0";
			developmentRegion = en;
			hasScannedForEncodings = 0;
			knownRegions = (
				en,
				Base,
			);
			mainGroup = 83CBB9F61A601CBA00E9B192;
			productRefGroup = 83CBBA001A601CBA00E9B192 /* Products */;
			projectDirPath = "";
			projectRoot = "";
			targets = (
				13B07F861A680F5B00A75B9A /* WoodAITUAF */,
				00E356ED1AD99517003FC87E /* WoodAITUAFTests */,
			);
		};
/* End PBXProject section */

/* Begin PBXResourcesBuildPhase section */
		00E356EC1AD99517003FC87E /* Resources */ = {
			isa = PBXResourcesBuildPhase;
			buildActionMask = 2147483647;
			files = (
			);
			runOnlyForDeploymentPostprocessing = 0;
		};
		13B07F8E1A680F5B00A75B9A /* Resources */ = {
			isa = PBXResourcesBuildPhase;
			buildActionMask = 2147483647;
			files = (
				81AB9BB82411601600AC10FF /* LaunchScreen.storyboard in Resources */,
				D47F3F792E541BE400BBEF35 /* model_converted_v2.onnx in Resources */,
				13B07FBF1A68108700A75B9A /* Images.xcassets in Resources */,
				B846FF56572DDF4C8EB13A0F /* PrivacyInfo.xcprivacy in Resources */,
			);
			runOnlyForDeploymentPostprocessing = 0;
		};
/* End PBXResourcesBuildPhase section */

/* Begin PBXShellScriptBuildPhase section */
		00DD1BFF1BD5951E006B06BC /* Bundle React Native code and images */ = {
			isa = PBXShellScriptBuildPhase;
			buildActionMask = 2147483647;
			files = (
			);
			inputPaths = (
				"$(SRCROOT)/.xcode.env.local",
				"$(SRCROOT)/.xcode.env",
			);
			name = "Bundle React Native code and images";
			outputPaths = (
			);
			runOnlyForDeploymentPostprocessing = 0;
			shellPath = /bin/sh;
			shellScript = "set -e\n\nWITH_ENVIRONMENT=\"$REACT_NATIVE_PATH/scripts/xcode/with-environment.sh\"\nREACT_NATIVE_XCODE=\"$REACT_NATIVE_PATH/scripts/react-native-xcode.sh\"\n\n/bin/sh -c \"$WITH_ENVIRONMENT $REACT_NATIVE_XCODE\"\n";
		};
		72A9EC4FE0D8AF52DA23A923 /* [CP] Check Pods Manifest.lock */ = {
			isa = PBXShellScriptBuildPhase;
			buildActionMask = 2147483647;
			files = (
			);
			inputFileListPaths = (
			);
			inputPaths = (
				"${PODS_PODFILE_DIR_PATH}/Podfile.lock",
				"${PODS_ROOT}/Manifest.lock",
			);
			name = "[CP] Check Pods Manifest.lock";
			outputFileListPaths = (
			);
			outputPaths = (
				"$(DERIVED_FILE_DIR)/Pods-WoodAITUAF-WoodAITUAFTests-checkManifestLockResult.txt",
			);
			runOnlyForDeploymentPostprocessing = 0;
			shellPath = /bin/sh;
			shellScript = "diff \"${PODS_PODFILE_DIR_PATH}/Podfile.lock\" \"${PODS_ROOT}/Manifest.lock\" > /dev/null\nif [ $? != 0 ] ; then\n    # print error to STDERR\n    echo \"error: The sandbox is not in sync with the Podfile.lock. Run 'pod install' or update your CocoaPods installation.\" >&2\n    exit 1\nfi\n# This output is used by Xcode 'outputs' to avoid re-running this script phase.\necho \"SUCCESS\" > \"${SCRIPT_OUTPUT_FILE_0}\"\n";
			showEnvVarsInLog = 0;
		};
		C95CE427EE8905E93AEAA31D /* [CP] Embed Pods Frameworks */ = {
			isa = PBXShellScriptBuildPhase;
			buildActionMask = 2147483647;
			files = (
			);
			inputFileListPaths = (
				"${PODS_ROOT}/Target Support Files/Pods-WoodAITUAF-WoodAITUAFTests/Pods-WoodAITUAF-WoodAITUAFTests-frameworks-${CONFIGURATION}-input-files.xcfilelist",
			);
			inputPaths = (
			);
			name = "[CP] Embed Pods Frameworks";
			outputFileListPaths = (
				"${PODS_ROOT}/Target Support Files/Pods-WoodAITUAF-WoodAITUAFTests/Pods-WoodAITUAF-WoodAITUAFTests-frameworks-${CONFIGURATION}-output-files.xcfilelist",
			);
			outputPaths = (
			);
			runOnlyForDeploymentPostprocessing = 0;
			shellPath = /bin/sh;
			shellScript = "\"${PODS_ROOT}/Target Support Files/Pods-WoodAITUAF-WoodAITUAFTests/Pods-WoodAITUAF-WoodAITUAFTests-frameworks.sh\"\n";
			showEnvVarsInLog = 0;
		};
		D2A0F7ABEFC6CD15FCDB7840 /* [CP] Embed Pods Frameworks */ = {
			isa = PBXShellScriptBuildPhase;
			buildActionMask = 2147483647;
			files = (
			);
			inputFileListPaths = (
				"${PODS_ROOT}/Target Support Files/Pods-WoodAITUAF/Pods-WoodAITUAF-frameworks-${CONFIGURATION}-input-files.xcfilelist",
			);
			inputPaths = (
			);
			name = "[CP] Embed Pods Frameworks";
			outputFileListPaths = (
				"${PODS_ROOT}/Target Support Files/Pods-WoodAITUAF/Pods-WoodAITUAF-frameworks-${CONFIGURATION}-output-files.xcfilelist",
			);
			outputPaths = (
			);
			runOnlyForDeploymentPostprocessing = 0;
			shellPath = /bin/sh;
			shellScript = "\"${PODS_ROOT}/Target Support Files/Pods-WoodAITUAF/Pods-WoodAITUAF-frameworks.sh\"\n";
			showEnvVarsInLog = 0;
		};
		D3A1968B18DB684286101518 /* [CP] Check Pods Manifest.lock */ = {
			isa = PBXShellScriptBuildPhase;
			buildActionMask = 2147483647;
			files = (
			);
			inputFileListPaths = (
			);
			inputPaths = (
				"${PODS_PODFILE_DIR_PATH}/Podfile.lock",
				"${PODS_ROOT}/Manifest.lock",
			);
			name = "[CP] Check Pods Manifest.lock";
			outputFileListPaths = (
			);
			outputPaths = (
				"$(DERIVED_FILE_DIR)/Pods-WoodAITUAF-checkManifestLockResult.txt",
			);
			runOnlyForDeploymentPostprocessing = 0;
			shellPath = /bin/sh;
			shellScript = "diff \"${PODS_PODFILE_DIR_PATH}/Podfile.lock\" \"${PODS_ROOT}/Manifest.lock\" > /dev/null\nif [ $? != 0 ] ; then\n    # print error to STDERR\n    echo \"error: The sandbox is not in sync with the Podfile.lock. Run 'pod install' or update your CocoaPods installation.\" >&2\n    exit 1\nfi\n# This output is used by Xcode 'outputs' to avoid re-running this script phase.\necho \"SUCCESS\" > \"${SCRIPT_OUTPUT_FILE_0}\"\n";
			showEnvVarsInLog = 0;
		};
		DE8BB4FE3D1C9F23A3F60A5C /* [CP] Copy Pods Resources */ = {
			isa = PBXShellScriptBuildPhase;
			buildActionMask = 2147483647;
			files = (
			);
			inputFileListPaths = (
				"${PODS_ROOT}/Target Support Files/Pods-WoodAITUAF/Pods-WoodAITUAF-resources-${CONFIGURATION}-input-files.xcfilelist",
			);
			inputPaths = (
			);
			name = "[CP] Copy Pods Resources";
			outputFileListPaths = (
				"${PODS_ROOT}/Target Support Files/Pods-WoodAITUAF/Pods-WoodAITUAF-resources-${CONFIGURATION}-output-files.xcfilelist",
			);
			outputPaths = (
			);
			runOnlyForDeploymentPostprocessing = 0;
			shellPath = /bin/sh;
			shellScript = "\"${PODS_ROOT}/Target Support Files/Pods-WoodAITUAF/Pods-WoodAITUAF-resources.sh\"\n";
			showEnvVarsInLog = 0;
		};
		FBBF97C359D6F722793230D3 /* [CP] Copy Pods Resources */ = {
			isa = PBXShellScriptBuildPhase;
			buildActionMask = 2147483647;
			files = (
			);
			inputFileListPaths = (
				"${PODS_ROOT}/Target Support Files/Pods-WoodAITUAF-WoodAITUAFTests/Pods-WoodAITUAF-WoodAITUAFTests-resources-${CONFIGURATION}-input-files.xcfilelist",
			);
			inputPaths = (
			);
			name = "[CP] Copy Pods Resources";
			outputFileListPaths = (
				"${PODS_ROOT}/Target Support Files/Pods-WoodAITUAF-WoodAITUAFTests/Pods-WoodAITUAF-WoodAITUAFTests-resources-${CONFIGURATION}-output-files.xcfilelist",
			);
			outputPaths = (
			);
			runOnlyForDeploymentPostprocessing = 0;
			shellPath = /bin/sh;
			shellScript = "\"${PODS_ROOT}/Target Support Files/Pods-WoodAITUAF-WoodAITUAFTests/Pods-WoodAITUAF-WoodAITUAFTests-resources.sh\"\n";
			showEnvVarsInLog = 0;
		};
/* End PBXShellScriptBuildPhase section */

/* Begin PBXSourcesBuildPhase section */
		00E356EA1AD99517003FC87E /* Sources */ = {
			isa = PBXSourcesBuildPhase;
			buildActionMask = 2147483647;
			files = (
				00E356F31AD99517003FC87E /* WoodAITUAFTests.m in Sources */,
				D4FC9EA22DFC32DE00330C02 /* File.swift in Sources */,
				D44B473A2DFC29F0003B64C8 /* ImageRecognizerModule.mm in Sources */,
			);
			runOnlyForDeploymentPostprocessing = 0;
		};
		13B07F871A680F5B00A75B9A /* Sources */ = {
			isa = PBXSourcesBuildPhase;
			buildActionMask = 2147483647;
			files = (
				D4FC9EA12DFC32DE00330C02 /* File.swift in Sources */,
				13B07FBC1A68108700A75B9A /* AppDelegate.mm in Sources */,
				D44B473B2DFC29F0003B64C8 /* ImageRecognizerModule.mm in Sources */,
				13B07FC11A68108700A75B9A /* main.m in Sources */,
				F163E44F152E4A418F4FA6E4 /* XyzFrameProcessor.mm in Sources */,
			);
			runOnlyForDeploymentPostprocessing = 0;
		};
/* End PBXSourcesBuildPhase section */

/* Begin PBXTargetDependency section */
		00E356F51AD99517003FC87E /* PBXTargetDependency */ = {
			isa = PBXTargetDependency;
			target = 13B07F861A680F5B00A75B9A /* WoodAITUAF */;
			targetProxy = 00E356F41AD99517003FC87E /* PBXContainerItemProxy */;
		};
/* End PBXTargetDependency section */

/* Begin XCBuildConfiguration section */
		00E356F61AD99517003FC87E /* Debug */ = {
			isa = XCBuildConfiguration;
			baseConfigurationReference = E07039A5F7B83DC1631974F1 /* Pods-WoodAITUAF-WoodAITUAFTests.debug.xcconfig */;
			buildSettings = {
				BUNDLE_LOADER = "$(TEST_HOST)";
				CLANG_ENABLE_MODULES = YES;
				GCC_PREPROCESSOR_DEFINITIONS = (
					"DEBUG=1",
					"$(inherited)",
				);
				HEADER_SEARCH_PATHS = (
					"$(inherited)",
					"\"${PODS_CONFIGURATION_BUILD_DIR}/BVLinearGradient/BVLinearGradient.framework/Headers\"",
					"\"${PODS_CONFIGURATION_BUILD_DIR}/DoubleConversion/DoubleConversion.framework/Headers\"",
					"\"${PODS_CONFIGURATION_BUILD_DIR}/RCT-Folly/folly.framework/Headers\"",
					"\"${PODS_CONFIGURATION_BUILD_DIR}/RCTDeprecation/RCTDeprecation.framework/Headers\"",
					"\"${PODS_CONFIGURATION_BUILD_DIR}/RCTTypeSafety/RCTTypeSafety.framework/Headers\"",
					"\"${PODS_CONFIGURATION_BUILD_DIR}/RNFS/RNFS.framework/Headers\"",
					"\"${PODS_CONFIGURATION_BUILD_DIR}/RNGestureHandler/RNGestureHandler.framework/Headers\"",
					"\"${PODS_CONFIGURATION_BUILD_DIR}/RNReanimated/RNReanimated.framework/Headers\"",
					"\"${PODS_CONFIGURATION_BUILD_DIR}/RNSVG/RNSVG.framework/Headers\"",
					"\"${PODS_CONFIGURATION_BUILD_DIR}/RNScreens/RNScreens.framework/Headers\"",
					"\"${PODS_CONFIGURATION_BUILD_DIR}/RNVectorIcons/RNVectorIcons.framework/Headers\"",
					"\"${PODS_CONFIGURATION_BUILD_DIR}/React-Core/React.framework/Headers\"",
					"\"${PODS_CONFIGURATION_BUILD_DIR}/React-CoreModules/CoreModules.framework/Headers\"",
					"\"${PODS_CONFIGURATION_BUILD_DIR}/React-Fabric/React_Fabric.framework/Headers\"",
					"\"${PODS_CONFIGURATION_BUILD_DIR}/React-FabricComponents/React_FabricComponents.framework/Headers\"",
					"\"${PODS_CONFIGURATION_BUILD_DIR}/React-FabricImage/React_FabricImage.framework/Headers\"",
					"\"${PODS_CONFIGURATION_BUILD_DIR}/React-ImageManager/React_ImageManager.framework/Headers\"",
					"\"${PODS_CONFIGURATION_BUILD_DIR}/React-Mapbuffer/React_Mapbuffer.framework/Headers\"",
					"\"${PODS_CONFIGURATION_BUILD_DIR}/React-NativeModulesApple/React_NativeModulesApple.framework/Headers\"",
					"\"${PODS_CONFIGURATION_BUILD_DIR}/React-RCTAnimation/RCTAnimation.framework/Headers\"",
					"\"${PODS_CONFIGURATION_BUILD_DIR}/React-RCTAppDelegate/React_RCTAppDelegate.framework/Headers\"",
					"\"${PODS_CONFIGURATION_BUILD_DIR}/React-RCTBlob/RCTBlob.framework/Headers\"",
					"\"${PODS_CONFIGURATION_BUILD_DIR}/React-RCTFabric/RCTFabric.framework/Headers\"",
					"\"${PODS_CONFIGURATION_BUILD_DIR}/React-RCTImage/RCTImage.framework/Headers\"",
					"\"${PODS_CONFIGURATION_BUILD_DIR}/React-RCTLinking/RCTLinking.framework/Headers\"",
					"\"${PODS_CONFIGURATION_BUILD_DIR}/React-RCTNetwork/RCTNetwork.framework/Headers\"",
					"\"${PODS_CONFIGURATION_BUILD_DIR}/React-RCTSettings/RCTSettings.framework/Headers\"",
					"\"${PODS_CONFIGURATION_BUILD_DIR}/React-RCTText/RCTText.framework/Headers\"",
					"\"${PODS_CONFIGURATION_BUILD_DIR}/React-RCTVibration/RCTVibration.framework/Headers\"",
					"\"${PODS_CONFIGURATION_BUILD_DIR}/React-RuntimeApple/React_RuntimeApple.framework/Headers\"",
					"\"${PODS_CONFIGURATION_BUILD_DIR}/React-RuntimeCore/React_RuntimeCore.framework/Headers\"",
					"\"${PODS_CONFIGURATION_BUILD_DIR}/React-RuntimeHermes/React_RuntimeHermes.framework/Headers\"",
					"\"${PODS_CONFIGURATION_BUILD_DIR}/React-cxxreact/cxxreact.framework/Headers\"",
					"\"${PODS_CONFIGURATION_BUILD_DIR}/React-debug/React_debug.framework/Headers\"",
					"\"${PODS_CONFIGURATION_BUILD_DIR}/React-defaultsnativemodule/React_defaultsnativemodule.framework/Headers\"",
					"\"${PODS_CONFIGURATION_BUILD_DIR}/React-domnativemodule/React_domnativemodule.framework/Headers\"",
					"\"${PODS_CONFIGURATION_BUILD_DIR}/React-featureflags/React_featureflags.framework/Headers\"",
					"\"${PODS_CONFIGURATION_BUILD_DIR}/React-featureflagsnativemodule/React_featureflagsnativemodule.framework/Headers\"",
					"\"${PODS_CONFIGURATION_BUILD_DIR}/React-graphics/React_graphics.framework/Headers\"",
					"\"${PODS_CONFIGURATION_BUILD_DIR}/React-hermes/reacthermes.framework/Headers\"",
					"\"${PODS_CONFIGURATION_BUILD_DIR}/React-idlecallbacksnativemodule/idlecallbacksnativemodule.framework/Headers\"",
					"\"${PODS_CONFIGURATION_BUILD_DIR}/React-jserrorhandler/React_jserrorhandler.framework/Headers\"",
					"\"${PODS_CONFIGURATION_BUILD_DIR}/React-jsi/jsi.framework/Headers\"",
					"\"${PODS_CONFIGURATION_BUILD_DIR}/React-jsiexecutor/jsireact.framework/Headers\"",
					"\"${PODS_CONFIGURATION_BUILD_DIR}/React-jsinspector/jsinspector_modern.framework/Headers\"",
					"\"${PODS_CONFIGURATION_BUILD_DIR}/React-logger/logger.framework/Headers\"",
					"\"${PODS_CONFIGURATION_BUILD_DIR}/React-microtasksnativemodule/React_microtasksnativemodule.framework/Headers\"",
					"\"${PODS_CONFIGURATION_BUILD_DIR}/React-nativeconfig/React_nativeconfig.framework/Headers\"",
					"\"${PODS_CONFIGURATION_BUILD_DIR}/React-perflogger/reactperflogger.framework/Headers\"",
					"\"${PODS_CONFIGURATION_BUILD_DIR}/React-performancetimeline/React_performancetimeline.framework/Headers\"",
					"\"${PODS_CONFIGURATION_BUILD_DIR}/React-rendererconsistency/React_rendererconsistency.framework/Headers\"",
					"\"${PODS_CONFIGURATION_BUILD_DIR}/React-rendererdebug/React_rendererdebug.framework/Headers\"",
					"\"${PODS_CONFIGURATION_BUILD_DIR}/React-runtimescheduler/React_runtimescheduler.framework/Headers\"",
					"\"${PODS_CONFIGURATION_BUILD_DIR}/React-utils/React_utils.framework/Headers\"",
					"\"${PODS_CONFIGURATION_BUILD_DIR}/ReactCodegen/ReactCodegen.framework/Headers\"",
					"\"${PODS_CONFIGURATION_BUILD_DIR}/ReactCommon/ReactCommon.framework/Headers\"",
					"\"${PODS_CONFIGURATION_BUILD_DIR}/SocketRocket/SocketRocket.framework/Headers\"",
					"\"${PODS_CONFIGURATION_BUILD_DIR}/VisionCamera/VisionCamera.framework/Headers\"",
					"\"${PODS_CONFIGURATION_BUILD_DIR}/Yoga/yoga.framework/Headers\"",
					"\"${PODS_CONFIGURATION_BUILD_DIR}/fmt/fmt.framework/Headers\"",
					"\"${PODS_CONFIGURATION_BUILD_DIR}/glog/glog.framework/Headers\"",
					"\"${PODS_CONFIGURATION_BUILD_DIR}/onnxruntime-objc/onnxruntime_objc.framework/Headers\"",
					"\"${PODS_CONFIGURATION_BUILD_DIR}/onnxruntime-react-native/onnxruntime_react_native.framework/Headers\"",
					"\"${PODS_CONFIGURATION_BUILD_DIR}/react-native-image-picker/react_native_image_picker.framework/Headers\"",
					"\"${PODS_CONFIGURATION_BUILD_DIR}/react-native-image-resizer/react_native_image_resizer.framework/Headers\"",
					"\"${PODS_CONFIGURATION_BUILD_DIR}/react-native-safe-area-context/react_native_safe_area_context.framework/Headers\"",
					"\"${PODS_CONFIGURATION_BUILD_DIR}/react-native-worklets-core/react_native_worklets_core.framework/Headers\"",
					"\"${PODS_ROOT}/Headers/Public\"",
					"\"${PODS_ROOT}/Headers/Public/FBLazyVector\"",
					"\"${PODS_ROOT}/Headers/Public/RCTRequired\"",
					"\"${PODS_ROOT}/Headers/Public/React-callinvoker\"",
					"\"${PODS_ROOT}/Headers/Public/React-runtimeexecutor\"",
					"\"${PODS_ROOT}/Headers/Public/boost\"",
					"\"${PODS_ROOT}/Headers/Public/hermes-engine\"",
					"\"${PODS_ROOT}/Headers/Public/onnxruntime-c\"",
					"\"${PODS_ROOT}/Headers/Public/onnxruntime-extensions-c\"",
					"\"$(PODS_ROOT)/DoubleConversion\"",
					"\"$(PODS_ROOT)/boost\"",
					"\"$(PODS_ROOT)/boost\"",
					"\"$(PODS_ROOT)/boost-for-react-native\"",
					"\"$(PODS_ROOT)/glog\"",
					"\"$(PODS_ROOT)/RCT-Folly\"",
					"\"$(PODS_ROOT)/Headers/Public/React-hermes\"",
					"\"$(PODS_ROOT)/Headers/Public/hermes-engine\"",
					"\"$(PODS_ROOT)/../../node_modules/react-native/ReactCommon\"",
					"\"$(PODS_ROOT)/../../node_modules/react-native-reanimated/apple\"",
					"\"$(PODS_ROOT)/../../node_modules/react-native-reanimated/Common/cpp\"",
					"\"$(PODS_ROOT)/../../node_modules/react-native-vision-camera/ios/FrameProcessors\"/**",
					"\"$(PODS_ROOT)/Headers/Private/React-Core\"",
				);
				INFOPLIST_FILE = WoodAITUAFTests/Info.plist;
				IPHONEOS_DEPLOYMENT_TARGET = 15.1;
				LD_RUNPATH_SEARCH_PATHS = (
					"$(inherited)",
					"@executable_path/Frameworks",
					"@loader_path/Frameworks",
				);
				OTHER_LDFLAGS = (
					"-ObjC",
					"-lc++",
					"$(inherited)",
				);
				PRODUCT_BUNDLE_IDENTIFIER = "org.reactjs.native.example.$(PRODUCT_NAME:rfc1034identifier)";
				PRODUCT_NAME = "$(TARGET_NAME)";
				SWIFT_OBJC_BRIDGING_HEADER = "WoodAITUAF-Bridging-Header.h";
				SWIFT_OPTIMIZATION_LEVEL = "-Onone";
				SWIFT_VERSION = 5.0;
				TEST_HOST = "$(BUILT_PRODUCTS_DIR)/WoodAITUAF.app/WoodAITUAF";
			};
			name = Debug;
		};
		00E356F71AD99517003FC87E /* Release */ = {
			isa = XCBuildConfiguration;
			baseConfigurationReference = C80CE0252362E247C4E1A7D9 /* Pods-WoodAITUAF-WoodAITUAFTests.release.xcconfig */;
			buildSettings = {
				BUNDLE_LOADER = "$(TEST_HOST)";
				CLANG_ENABLE_MODULES = YES;
				COPY_PHASE_STRIP = NO;
				HEADER_SEARCH_PATHS = (
					"$(inherited)",
					"\"${PODS_CONFIGURATION_BUILD_DIR}/BVLinearGradient/BVLinearGradient.framework/Headers\"",
					"\"${PODS_CONFIGURATION_BUILD_DIR}/DoubleConversion/DoubleConversion.framework/Headers\"",
					"\"${PODS_CONFIGURATION_BUILD_DIR}/RCT-Folly/folly.framework/Headers\"",
					"\"${PODS_CONFIGURATION_BUILD_DIR}/RCTDeprecation/RCTDeprecation.framework/Headers\"",
					"\"${PODS_CONFIGURATION_BUILD_DIR}/RCTTypeSafety/RCTTypeSafety.framework/Headers\"",
					"\"${PODS_CONFIGURATION_BUILD_DIR}/RNFS/RNFS.framework/Headers\"",
					"\"${PODS_CONFIGURATION_BUILD_DIR}/RNGestureHandler/RNGestureHandler.framework/Headers\"",
					"\"${PODS_CONFIGURATION_BUILD_DIR}/RNReanimated/RNReanimated.framework/Headers\"",
					"\"${PODS_CONFIGURATION_BUILD_DIR}/RNSVG/RNSVG.framework/Headers\"",
					"\"${PODS_CONFIGURATION_BUILD_DIR}/RNScreens/RNScreens.framework/Headers\"",
					"\"${PODS_CONFIGURATION_BUILD_DIR}/RNVectorIcons/RNVectorIcons.framework/Headers\"",
					"\"${PODS_CONFIGURATION_BUILD_DIR}/React-Core/React.framework/Headers\"",
					"\"${PODS_CONFIGURATION_BUILD_DIR}/React-CoreModules/CoreModules.framework/Headers\"",
					"\"${PODS_CONFIGURATION_BUILD_DIR}/React-Fabric/React_Fabric.framework/Headers\"",
					"\"${PODS_CONFIGURATION_BUILD_DIR}/React-FabricComponents/React_FabricComponents.framework/Headers\"",
					"\"${PODS_CONFIGURATION_BUILD_DIR}/React-FabricImage/React_FabricImage.framework/Headers\"",
					"\"${PODS_CONFIGURATION_BUILD_DIR}/React-ImageManager/React_ImageManager.framework/Headers\"",
					"\"${PODS_CONFIGURATION_BUILD_DIR}/React-Mapbuffer/React_Mapbuffer.framework/Headers\"",
					"\"${PODS_CONFIGURATION_BUILD_DIR}/React-NativeModulesApple/React_NativeModulesApple.framework/Headers\"",
					"\"${PODS_CONFIGURATION_BUILD_DIR}/React-RCTAnimation/RCTAnimation.framework/Headers\"",
					"\"${PODS_CONFIGURATION_BUILD_DIR}/React-RCTAppDelegate/React_RCTAppDelegate.framework/Headers\"",
					"\"${PODS_CONFIGURATION_BUILD_DIR}/React-RCTBlob/RCTBlob.framework/Headers\"",
					"\"${PODS_CONFIGURATION_BUILD_DIR}/React-RCTFabric/RCTFabric.framework/Headers\"",
					"\"${PODS_CONFIGURATION_BUILD_DIR}/React-RCTImage/RCTImage.framework/Headers\"",
					"\"${PODS_CONFIGURATION_BUILD_DIR}/React-RCTLinking/RCTLinking.framework/Headers\"",
					"\"${PODS_CONFIGURATION_BUILD_DIR}/React-RCTNetwork/RCTNetwork.framework/Headers\"",
					"\"${PODS_CONFIGURATION_BUILD_DIR}/React-RCTSettings/RCTSettings.framework/Headers\"",
					"\"${PODS_CONFIGURATION_BUILD_DIR}/React-RCTText/RCTText.framework/Headers\"",
					"\"${PODS_CONFIGURATION_BUILD_DIR}/React-RCTVibration/RCTVibration.framework/Headers\"",
					"\"${PODS_CONFIGURATION_BUILD_DIR}/React-RuntimeApple/React_RuntimeApple.framework/Headers\"",
					"\"${PODS_CONFIGURATION_BUILD_DIR}/React-RuntimeCore/React_RuntimeCore.framework/Headers\"",
					"\"${PODS_CONFIGURATION_BUILD_DIR}/React-RuntimeHermes/React_RuntimeHermes.framework/Headers\"",
					"\"${PODS_CONFIGURATION_BUILD_DIR}/React-cxxreact/cxxreact.framework/Headers\"",
					"\"${PODS_CONFIGURATION_BUILD_DIR}/React-debug/React_debug.framework/Headers\"",
					"\"${PODS_CONFIGURATION_BUILD_DIR}/React-defaultsnativemodule/React_defaultsnativemodule.framework/Headers\"",
					"\"${PODS_CONFIGURATION_BUILD_DIR}/React-domnativemodule/React_domnativemodule.framework/Headers\"",
					"\"${PODS_CONFIGURATION_BUILD_DIR}/React-featureflags/React_featureflags.framework/Headers\"",
					"\"${PODS_CONFIGURATION_BUILD_DIR}/React-featureflagsnativemodule/React_featureflagsnativemodule.framework/Headers\"",
					"\"${PODS_CONFIGURATION_BUILD_DIR}/React-graphics/React_graphics.framework/Headers\"",
					"\"${PODS_CONFIGURATION_BUILD_DIR}/React-hermes/reacthermes.framework/Headers\"",
					"\"${PODS_CONFIGURATION_BUILD_DIR}/React-idlecallbacksnativemodule/idlecallbacksnativemodule.framework/Headers\"",
					"\"${PODS_CONFIGURATION_BUILD_DIR}/React-jserrorhandler/React_jserrorhandler.framework/Headers\"",
					"\"${PODS_CONFIGURATION_BUILD_DIR}/React-jsi/jsi.framework/Headers\"",
					"\"${PODS_CONFIGURATION_BUILD_DIR}/React-jsiexecutor/jsireact.framework/Headers\"",
					"\"${PODS_CONFIGURATION_BUILD_DIR}/React-jsinspector/jsinspector_modern.framework/Headers\"",
					"\"${PODS_CONFIGURATION_BUILD_DIR}/React-logger/logger.framework/Headers\"",
					"\"${PODS_CONFIGURATION_BUILD_DIR}/React-microtasksnativemodule/React_microtasksnativemodule.framework/Headers\"",
					"\"${PODS_CONFIGURATION_BUILD_DIR}/React-nativeconfig/React_nativeconfig.framework/Headers\"",
					"\"${PODS_CONFIGURATION_BUILD_DIR}/React-perflogger/reactperflogger.framework/Headers\"",
					"\"${PODS_CONFIGURATION_BUILD_DIR}/React-performancetimeline/React_performancetimeline.framework/Headers\"",
					"\"${PODS_CONFIGURATION_BUILD_DIR}/React-rendererconsistency/React_rendererconsistency.framework/Headers\"",
					"\"${PODS_CONFIGURATION_BUILD_DIR}/React-rendererdebug/React_rendererdebug.framework/Headers\"",
					"\"${PODS_CONFIGURATION_BUILD_DIR}/React-runtimescheduler/React_runtimescheduler.framework/Headers\"",
					"\"${PODS_CONFIGURATION_BUILD_DIR}/React-utils/React_utils.framework/Headers\"",
					"\"${PODS_CONFIGURATION_BUILD_DIR}/ReactCodegen/ReactCodegen.framework/Headers\"",
					"\"${PODS_CONFIGURATION_BUILD_DIR}/ReactCommon/ReactCommon.framework/Headers\"",
					"\"${PODS_CONFIGURATION_BUILD_DIR}/SocketRocket/SocketRocket.framework/Headers\"",
					"\"${PODS_CONFIGURATION_BUILD_DIR}/VisionCamera/VisionCamera.framework/Headers\"",
					"\"${PODS_CONFIGURATION_BUILD_DIR}/Yoga/yoga.framework/Headers\"",
					"\"${PODS_CONFIGURATION_BUILD_DIR}/fmt/fmt.framework/Headers\"",
					"\"${PODS_CONFIGURATION_BUILD_DIR}/glog/glog.framework/Headers\"",
					"\"${PODS_CONFIGURATION_BUILD_DIR}/onnxruntime-objc/onnxruntime_objc.framework/Headers\"",
					"\"${PODS_CONFIGURATION_BUILD_DIR}/onnxruntime-react-native/onnxruntime_react_native.framework/Headers\"",
					"\"${PODS_CONFIGURATION_BUILD_DIR}/react-native-image-picker/react_native_image_picker.framework/Headers\"",
					"\"${PODS_CONFIGURATION_BUILD_DIR}/react-native-image-resizer/react_native_image_resizer.framework/Headers\"",
					"\"${PODS_CONFIGURATION_BUILD_DIR}/react-native-safe-area-context/react_native_safe_area_context.framework/Headers\"",
					"\"${PODS_CONFIGURATION_BUILD_DIR}/react-native-worklets-core/react_native_worklets_core.framework/Headers\"",
					"\"${PODS_ROOT}/Headers/Public\"",
					"\"${PODS_ROOT}/Headers/Public/FBLazyVector\"",
					"\"${PODS_ROOT}/Headers/Public/RCTRequired\"",
					"\"${PODS_ROOT}/Headers/Public/React-callinvoker\"",
					"\"${PODS_ROOT}/Headers/Public/React-runtimeexecutor\"",
					"\"${PODS_ROOT}/Headers/Public/boost\"",
					"\"${PODS_ROOT}/Headers/Public/hermes-engine\"",
					"\"${PODS_ROOT}/Headers/Public/onnxruntime-c\"",
					"\"${PODS_ROOT}/Headers/Public/onnxruntime-extensions-c\"",
					"\"$(PODS_ROOT)/DoubleConversion\"",
					"\"$(PODS_ROOT)/boost\"",
					"\"$(PODS_ROOT)/boost\"",
					"\"$(PODS_ROOT)/boost-for-react-native\"",
					"\"$(PODS_ROOT)/glog\"",
					"\"$(PODS_ROOT)/RCT-Folly\"",
					"\"$(PODS_ROOT)/Headers/Public/React-hermes\"",
					"\"$(PODS_ROOT)/Headers/Public/hermes-engine\"",
					"\"$(PODS_ROOT)/../../node_modules/react-native/ReactCommon\"",
					"\"$(PODS_ROOT)/../../node_modules/react-native-reanimated/apple\"",
					"\"$(PODS_ROOT)/../../node_modules/react-native-reanimated/Common/cpp\"",
					"\"$(PODS_ROOT)/../../node_modules/react-native-vision-camera/ios/FrameProcessors\"/**",
					"\"$(PODS_ROOT)/Headers/Private/React-Core\"",
				);
				INFOPLIST_FILE = WoodAITUAFTests/Info.plist;
				IPHONEOS_DEPLOYMENT_TARGET = 15.1;
				LD_RUNPATH_SEARCH_PATHS = (
					"$(inherited)",
					"@executable_path/Frameworks",
					"@loader_path/Frameworks",
				);
				OTHER_LDFLAGS = (
					"-ObjC",
					"-lc++",
					"$(inherited)",
				);
				PRODUCT_BUNDLE_IDENTIFIER = "org.reactjs.native.example.$(PRODUCT_NAME:rfc1034identifier)";
				PRODUCT_NAME = "$(TARGET_NAME)";
				SWIFT_OBJC_BRIDGING_HEADER = "WoodAITUAF-Bridging-Header.h";
				SWIFT_VERSION = 5.0;
				TEST_HOST = "$(BUILT_PRODUCTS_DIR)/WoodAITUAF.app/WoodAITUAF";
			};
			name = Release;
		};
		13B07F941A680F5B00A75B9A /* Debug */ = {
			isa = XCBuildConfiguration;
			baseConfigurationReference = DD6E1432EB481D535718811B /* Pods-WoodAITUAF.debug.xcconfig */;
			buildSettings = {
				ASSETCATALOG_COMPILER_APPICON_NAME = AppIcon;
				CLANG_ENABLE_MODULES = YES;
				CODE_SIGN_IDENTITY = "Apple Development";
				CODE_SIGN_STYLE = Automatic;
				CURRENT_PROJECT_VERSION = 5;
				DEVELOPMENT_TEAM = 93LSBL4K6V;
				ENABLE_BITCODE = NO;
				ENABLE_USER_SCRIPT_SANDBOXING = NO;
				HEADER_SEARCH_PATHS = (
					"$(inherited)",
					"\"${PODS_CONFIGURATION_BUILD_DIR}/BVLinearGradient/BVLinearGradient.framework/Headers\"",
					"\"${PODS_CONFIGURATION_BUILD_DIR}/DoubleConversion/DoubleConversion.framework/Headers\"",
					"\"${PODS_CONFIGURATION_BUILD_DIR}/RCT-Folly/folly.framework/Headers\"",
					"\"${PODS_CONFIGURATION_BUILD_DIR}/RCTDeprecation/RCTDeprecation.framework/Headers\"",
					"\"${PODS_CONFIGURATION_BUILD_DIR}/RCTTypeSafety/RCTTypeSafety.framework/Headers\"",
					"\"${PODS_CONFIGURATION_BUILD_DIR}/RNFS/RNFS.framework/Headers\"",
					"\"${PODS_CONFIGURATION_BUILD_DIR}/RNGestureHandler/RNGestureHandler.framework/Headers\"",
					"\"${PODS_CONFIGURATION_BUILD_DIR}/RNReanimated/RNReanimated.framework/Headers\"",
					"\"${PODS_CONFIGURATION_BUILD_DIR}/RNSVG/RNSVG.framework/Headers\"",
					"\"${PODS_CONFIGURATION_BUILD_DIR}/RNScreens/RNScreens.framework/Headers\"",
					"\"${PODS_CONFIGURATION_BUILD_DIR}/RNVectorIcons/RNVectorIcons.framework/Headers\"",
					"\"${PODS_CONFIGURATION_BUILD_DIR}/React-Core/React.framework/Headers\"",
					"\"${PODS_CONFIGURATION_BUILD_DIR}/React-CoreModules/CoreModules.framework/Headers\"",
					"\"${PODS_CONFIGURATION_BUILD_DIR}/React-Fabric/React_Fabric.framework/Headers\"",
					"\"${PODS_CONFIGURATION_BUILD_DIR}/React-FabricComponents/React_FabricComponents.framework/Headers\"",
					"\"${PODS_CONFIGURATION_BUILD_DIR}/React-FabricImage/React_FabricImage.framework/Headers\"",
					"\"${PODS_CONFIGURATION_BUILD_DIR}/React-ImageManager/React_ImageManager.framework/Headers\"",
					"\"${PODS_CONFIGURATION_BUILD_DIR}/React-Mapbuffer/React_Mapbuffer.framework/Headers\"",
					"\"${PODS_CONFIGURATION_BUILD_DIR}/React-NativeModulesApple/React_NativeModulesApple.framework/Headers\"",
					"\"${PODS_CONFIGURATION_BUILD_DIR}/React-RCTAnimation/RCTAnimation.framework/Headers\"",
					"\"${PODS_CONFIGURATION_BUILD_DIR}/React-RCTAppDelegate/React_RCTAppDelegate.framework/Headers\"",
					"\"${PODS_CONFIGURATION_BUILD_DIR}/React-RCTBlob/RCTBlob.framework/Headers\"",
					"\"${PODS_CONFIGURATION_BUILD_DIR}/React-RCTFabric/RCTFabric.framework/Headers\"",
					"\"${PODS_CONFIGURATION_BUILD_DIR}/React-RCTImage/RCTImage.framework/Headers\"",
					"\"${PODS_CONFIGURATION_BUILD_DIR}/React-RCTLinking/RCTLinking.framework/Headers\"",
					"\"${PODS_CONFIGURATION_BUILD_DIR}/React-RCTNetwork/RCTNetwork.framework/Headers\"",
					"\"${PODS_CONFIGURATION_BUILD_DIR}/React-RCTSettings/RCTSettings.framework/Headers\"",
					"\"${PODS_CONFIGURATION_BUILD_DIR}/React-RCTText/RCTText.framework/Headers\"",
					"\"${PODS_CONFIGURATION_BUILD_DIR}/React-RCTVibration/RCTVibration.framework/Headers\"",
					"\"${PODS_CONFIGURATION_BUILD_DIR}/React-RuntimeApple/React_RuntimeApple.framework/Headers\"",
					"\"${PODS_CONFIGURATION_BUILD_DIR}/React-RuntimeCore/React_RuntimeCore.framework/Headers\"",
					"\"${PODS_CONFIGURATION_BUILD_DIR}/React-RuntimeHermes/React_RuntimeHermes.framework/Headers\"",
					"\"${PODS_CONFIGURATION_BUILD_DIR}/React-cxxreact/cxxreact.framework/Headers\"",
					"\"${PODS_CONFIGURATION_BUILD_DIR}/React-debug/React_debug.framework/Headers\"",
					"\"${PODS_CONFIGURATION_BUILD_DIR}/React-defaultsnativemodule/React_defaultsnativemodule.framework/Headers\"",
					"\"${PODS_CONFIGURATION_BUILD_DIR}/React-domnativemodule/React_domnativemodule.framework/Headers\"",
					"\"${PODS_CONFIGURATION_BUILD_DIR}/React-featureflags/React_featureflags.framework/Headers\"",
					"\"${PODS_CONFIGURATION_BUILD_DIR}/React-featureflagsnativemodule/React_featureflagsnativemodule.framework/Headers\"",
					"\"${PODS_CONFIGURATION_BUILD_DIR}/React-graphics/React_graphics.framework/Headers\"",
					"\"${PODS_CONFIGURATION_BUILD_DIR}/React-hermes/reacthermes.framework/Headers\"",
					"\"${PODS_CONFIGURATION_BUILD_DIR}/React-idlecallbacksnativemodule/idlecallbacksnativemodule.framework/Headers\"",
					"\"${PODS_CONFIGURATION_BUILD_DIR}/React-jserrorhandler/React_jserrorhandler.framework/Headers\"",
					"\"${PODS_CONFIGURATION_BUILD_DIR}/React-jsi/jsi.framework/Headers\"",
					"\"${PODS_CONFIGURATION_BUILD_DIR}/React-jsiexecutor/jsireact.framework/Headers\"",
					"\"${PODS_CONFIGURATION_BUILD_DIR}/React-jsinspector/jsinspector_modern.framework/Headers\"",
					"\"${PODS_CONFIGURATION_BUILD_DIR}/React-logger/logger.framework/Headers\"",
					"\"${PODS_CONFIGURATION_BUILD_DIR}/React-microtasksnativemodule/React_microtasksnativemodule.framework/Headers\"",
					"\"${PODS_CONFIGURATION_BUILD_DIR}/React-nativeconfig/React_nativeconfig.framework/Headers\"",
					"\"${PODS_CONFIGURATION_BUILD_DIR}/React-perflogger/reactperflogger.framework/Headers\"",
					"\"${PODS_CONFIGURATION_BUILD_DIR}/React-performancetimeline/React_performancetimeline.framework/Headers\"",
					"\"${PODS_CONFIGURATION_BUILD_DIR}/React-rendererconsistency/React_rendererconsistency.framework/Headers\"",
					"\"${PODS_CONFIGURATION_BUILD_DIR}/React-rendererdebug/React_rendererdebug.framework/Headers\"",
					"\"${PODS_CONFIGURATION_BUILD_DIR}/React-runtimescheduler/React_runtimescheduler.framework/Headers\"",
					"\"${PODS_CONFIGURATION_BUILD_DIR}/React-utils/React_utils.framework/Headers\"",
					"\"${PODS_CONFIGURATION_BUILD_DIR}/ReactCodegen/ReactCodegen.framework/Headers\"",
					"\"${PODS_CONFIGURATION_BUILD_DIR}/ReactCommon/ReactCommon.framework/Headers\"",
					"\"${PODS_CONFIGURATION_BUILD_DIR}/SocketRocket/SocketRocket.framework/Headers\"",
					"\"${PODS_CONFIGURATION_BUILD_DIR}/VisionCamera/VisionCamera.framework/Headers\"",
					"\"${PODS_CONFIGURATION_BUILD_DIR}/Yoga/yoga.framework/Headers\"",
					"\"${PODS_CONFIGURATION_BUILD_DIR}/fmt/fmt.framework/Headers\"",
					"\"${PODS_CONFIGURATION_BUILD_DIR}/glog/glog.framework/Headers\"",
					"\"${PODS_CONFIGURATION_BUILD_DIR}/onnxruntime-objc/onnxruntime_objc.framework/Headers\"",
					"\"${PODS_CONFIGURATION_BUILD_DIR}/onnxruntime-react-native/onnxruntime_react_native.framework/Headers\"",
					"\"${PODS_CONFIGURATION_BUILD_DIR}/react-native-image-picker/react_native_image_picker.framework/Headers\"",
					"\"${PODS_CONFIGURATION_BUILD_DIR}/react-native-image-resizer/react_native_image_resizer.framework/Headers\"",
					"\"${PODS_CONFIGURATION_BUILD_DIR}/react-native-safe-area-context/react_native_safe_area_context.framework/Headers\"",
					"\"${PODS_CONFIGURATION_BUILD_DIR}/react-native-worklets-core/react_native_worklets_core.framework/Headers\"",
					"\"${PODS_ROOT}/Headers/Public\"",
					"\"${PODS_ROOT}/Headers/Public/FBLazyVector\"",
					"\"${PODS_ROOT}/Headers/Public/RCTRequired\"",
					"\"${PODS_ROOT}/Headers/Public/React-callinvoker\"",
					"\"${PODS_ROOT}/Headers/Public/React-runtimeexecutor\"",
					"\"${PODS_ROOT}/Headers/Public/boost\"",
					"\"${PODS_ROOT}/Headers/Public/hermes-engine\"",
					"\"${PODS_ROOT}/Headers/Public/onnxruntime-c\"",
					"\"${PODS_ROOT}/Headers/Public/onnxruntime-extensions-c\"",
					"\"$(PODS_ROOT)/DoubleConversion\"",
					"\"$(PODS_ROOT)/boost\"",
					"\"$(PODS_ROOT)/boost\"",
					"\"$(PODS_ROOT)/boost-for-react-native\"",
					"\"$(PODS_ROOT)/glog\"",
					"\"$(PODS_ROOT)/RCT-Folly\"",
					"\"$(PODS_ROOT)/Headers/Public/React-hermes\"",
					"\"$(PODS_ROOT)/Headers/Public/hermes-engine\"",
					"\"$(PODS_ROOT)/../../node_modules/react-native/ReactCommon\"",
					"\"$(PODS_ROOT)/../../node_modules/react-native-reanimated/apple\"",
					"\"$(PODS_ROOT)/../../node_modules/react-native-reanimated/Common/cpp\"",
					"\"$(SRCROOT)/../node_modules/react-native-vision-camera/ios/FrameProcessors\"/**",
					"\"$(SRCROOT)/../node_modules/react-native-vision-camera/ios\"/**",
					"\"$(PODS_ROOT)/Headers/Private/React-Core\"",
				);
				INFOPLIST_FILE = WoodAITUAF/Info.plist;
				INFOPLIST_KEY_CFBundleDisplayName = WoodTNU;
				LD_RUNPATH_SEARCH_PATHS = (
					"$(inherited)",
					"@executable_path/Frameworks",
				);
				MARKETING_VERSION = 1.0;
				OTHER_LDFLAGS = (
					"$(inherited)",
					"-ObjC",
					"-lc++",
				);
				PRODUCT_BUNDLE_IDENTIFIER = com.wood.tnu.5loai;
				PRODUCT_NAME = WoodAITUAF;
				PROVISIONING_PROFILE_SPECIFIER = "";
				SWIFT_OBJC_BRIDGING_HEADER = "WoodAITUAF-Bridging-Header.h";
				SWIFT_OPTIMIZATION_LEVEL = "-Onone";
				SWIFT_VERSION = 5.0;
				VERSIONING_SYSTEM = "apple-generic";
			};
			name = Debug;
		};
		13B07F951A680F5B00A75B9A /* Release */ = {
			isa = XCBuildConfiguration;
			baseConfigurationReference = 0302B42AB9549F6CCC87413F /* Pods-WoodAITUAF.release.xcconfig */;
			buildSettings = {
				ASSETCATALOG_COMPILER_APPICON_NAME = AppIcon;
				CLANG_ENABLE_MODULES = YES;
				CODE_SIGN_IDENTITY = "Apple Development";
				CODE_SIGN_STYLE = Automatic;
				CURRENT_PROJECT_VERSION = 5;
				DEVELOPMENT_TEAM = 93LSBL4K6V;
				ENABLE_USER_SCRIPT_SANDBOXING = NO;
				HEADER_SEARCH_PATHS = (
					"$(inherited)",
					"\"${PODS_CONFIGURATION_BUILD_DIR}/BVLinearGradient/BVLinearGradient.framework/Headers\"",
					"\"${PODS_CONFIGURATION_BUILD_DIR}/DoubleConversion/DoubleConversion.framework/Headers\"",
					"\"${PODS_CONFIGURATION_BUILD_DIR}/RCT-Folly/folly.framework/Headers\"",
					"\"${PODS_CONFIGURATION_BUILD_DIR}/RCTDeprecation/RCTDeprecation.framework/Headers\"",
					"\"${PODS_CONFIGURATION_BUILD_DIR}/RCTTypeSafety/RCTTypeSafety.framework/Headers\"",
					"\"${PODS_CONFIGURATION_BUILD_DIR}/RNFS/RNFS.framework/Headers\"",
					"\"${PODS_CONFIGURATION_BUILD_DIR}/RNGestureHandler/RNGestureHandler.framework/Headers\"",
					"\"${PODS_CONFIGURATION_BUILD_DIR}/RNReanimated/RNReanimated.framework/Headers\"",
					"\"${PODS_CONFIGURATION_BUILD_DIR}/RNSVG/RNSVG.framework/Headers\"",
					"\"${PODS_CONFIGURATION_BUILD_DIR}/RNScreens/RNScreens.framework/Headers\"",
					"\"${PODS_CONFIGURATION_BUILD_DIR}/RNVectorIcons/RNVectorIcons.framework/Headers\"",
					"\"${PODS_CONFIGURATION_BUILD_DIR}/React-Core/React.framework/Headers\"",
					"\"${PODS_CONFIGURATION_BUILD_DIR}/React-CoreModules/CoreModules.framework/Headers\"",
					"\"${PODS_CONFIGURATION_BUILD_DIR}/React-Fabric/React_Fabric.framework/Headers\"",
					"\"${PODS_CONFIGURATION_BUILD_DIR}/React-FabricComponents/React_FabricComponents.framework/Headers\"",
					"\"${PODS_CONFIGURATION_BUILD_DIR}/React-FabricImage/React_FabricImage.framework/Headers\"",
					"\"${PODS_CONFIGURATION_BUILD_DIR}/React-ImageManager/React_ImageManager.framework/Headers\"",
					"\"${PODS_CONFIGURATION_BUILD_DIR}/React-Mapbuffer/React_Mapbuffer.framework/Headers\"",
					"\"${PODS_CONFIGURATION_BUILD_DIR}/React-NativeModulesApple/React_NativeModulesApple.framework/Headers\"",
					"\"${PODS_CONFIGURATION_BUILD_DIR}/React-RCTAnimation/RCTAnimation.framework/Headers\"",
					"\"${PODS_CONFIGURATION_BUILD_DIR}/React-RCTAppDelegate/React_RCTAppDelegate.framework/Headers\"",
					"\"${PODS_CONFIGURATION_BUILD_DIR}/React-RCTBlob/RCTBlob.framework/Headers\"",
					"\"${PODS_CONFIGURATION_BUILD_DIR}/React-RCTFabric/RCTFabric.framework/Headers\"",
					"\"${PODS_CONFIGURATION_BUILD_DIR}/React-RCTImage/RCTImage.framework/Headers\"",
					"\"${PODS_CONFIGURATION_BUILD_DIR}/React-RCTLinking/RCTLinking.framework/Headers\"",
					"\"${PODS_CONFIGURATION_BUILD_DIR}/React-RCTNetwork/RCTNetwork.framework/Headers\"",
					"\"${PODS_CONFIGURATION_BUILD_DIR}/React-RCTSettings/RCTSettings.framework/Headers\"",
					"\"${PODS_CONFIGURATION_BUILD_DIR}/React-RCTText/RCTText.framework/Headers\"",
					"\"${PODS_CONFIGURATION_BUILD_DIR}/React-RCTVibration/RCTVibration.framework/Headers\"",
					"\"${PODS_CONFIGURATION_BUILD_DIR}/React-RuntimeApple/React_RuntimeApple.framework/Headers\"",
					"\"${PODS_CONFIGURATION_BUILD_DIR}/React-RuntimeCore/React_RuntimeCore.framework/Headers\"",
					"\"${PODS_CONFIGURATION_BUILD_DIR}/React-RuntimeHermes/React_RuntimeHermes.framework/Headers\"",
					"\"${PODS_CONFIGURATION_BUILD_DIR}/React-cxxreact/cxxreact.framework/Headers\"",
					"\"${PODS_CONFIGURATION_BUILD_DIR}/React-debug/React_debug.framework/Headers\"",
					"\"${PODS_CONFIGURATION_BUILD_DIR}/React-defaultsnativemodule/React_defaultsnativemodule.framework/Headers\"",
					"\"${PODS_CONFIGURATION_BUILD_DIR}/React-domnativemodule/React_domnativemodule.framework/Headers\"",
					"\"${PODS_CONFIGURATION_BUILD_DIR}/React-featureflags/React_featureflags.framework/Headers\"",
					"\"${PODS_CONFIGURATION_BUILD_DIR}/React-featureflagsnativemodule/React_featureflagsnativemodule.framework/Headers\"",
					"\"${PODS_CONFIGURATION_BUILD_DIR}/React-graphics/React_graphics.framework/Headers\"",
					"\"${PODS_CONFIGURATION_BUILD_DIR}/React-hermes/reacthermes.framework/Headers\"",
					"\"${PODS_CONFIGURATION_BUILD_DIR}/React-idlecallbacksnativemodule/idlecallbacksnativemodule.framework/Headers\"",
					"\"${PODS_CONFIGURATION_BUILD_DIR}/React-jserrorhandler/React_jserrorhandler.framework/Headers\"",
					"\"${PODS_CONFIGURATION_BUILD_DIR}/React-jsi/jsi.framework/Headers\"",
					"\"${PODS_CONFIGURATION_BUILD_DIR}/React-jsiexecutor/jsireact.framework/Headers\"",
					"\"${PODS_CONFIGURATION_BUILD_DIR}/React-jsinspector/jsinspector_modern.framework/Headers\"",
					"\"${PODS_CONFIGURATION_BUILD_DIR}/React-logger/logger.framework/Headers\"",
					"\"${PODS_CONFIGURATION_BUILD_DIR}/React-microtasksnativemodule/React_microtasksnativemodule.framework/Headers\"",
					"\"${PODS_CONFIGURATION_BUILD_DIR}/React-nativeconfig/React_nativeconfig.framework/Headers\"",
					"\"${PODS_CONFIGURATION_BUILD_DIR}/React-perflogger/reactperflogger.framework/Headers\"",
					"\"${PODS_CONFIGURATION_BUILD_DIR}/React-performancetimeline/React_performancetimeline.framework/Headers\"",
					"\"${PODS_CONFIGURATION_BUILD_DIR}/React-rendererconsistency/React_rendererconsistency.framework/Headers\"",
					"\"${PODS_CONFIGURATION_BUILD_DIR}/React-rendererdebug/React_rendererdebug.framework/Headers\"",
					"\"${PODS_CONFIGURATION_BUILD_DIR}/React-runtimescheduler/React_runtimescheduler.framework/Headers\"",
					"\"${PODS_CONFIGURATION_BUILD_DIR}/React-utils/React_utils.framework/Headers\"",
					"\"${PODS_CONFIGURATION_BUILD_DIR}/ReactCodegen/ReactCodegen.framework/Headers\"",
					"\"${PODS_CONFIGURATION_BUILD_DIR}/ReactCommon/ReactCommon.framework/Headers\"",
					"\"${PODS_CONFIGURATION_BUILD_DIR}/SocketRocket/SocketRocket.framework/Headers\"",
					"\"${PODS_CONFIGURATION_BUILD_DIR}/VisionCamera/VisionCamera.framework/Headers\"",
					"\"${PODS_CONFIGURATION_BUILD_DIR}/Yoga/yoga.framework/Headers\"",
					"\"${PODS_CONFIGURATION_BUILD_DIR}/fmt/fmt.framework/Headers\"",
					"\"${PODS_CONFIGURATION_BUILD_DIR}/glog/glog.framework/Headers\"",
					"\"${PODS_CONFIGURATION_BUILD_DIR}/onnxruntime-objc/onnxruntime_objc.framework/Headers\"",
					"\"${PODS_CONFIGURATION_BUILD_DIR}/onnxruntime-react-native/onnxruntime_react_native.framework/Headers\"",
					"\"${PODS_CONFIGURATION_BUILD_DIR}/react-native-image-picker/react_native_image_picker.framework/Headers\"",
					"\"${PODS_CONFIGURATION_BUILD_DIR}/react-native-image-resizer/react_native_image_resizer.framework/Headers\"",
					"\"${PODS_CONFIGURATION_BUILD_DIR}/react-native-safe-area-context/react_native_safe_area_context.framework/Headers\"",
					"\"${PODS_CONFIGURATION_BUILD_DIR}/react-native-worklets-core/react_native_worklets_core.framework/Headers\"",
					"\"${PODS_ROOT}/Headers/Public\"",
					"\"${PODS_ROOT}/Headers/Public/FBLazyVector\"",
					"\"${PODS_ROOT}/Headers/Public/RCTRequired\"",
					"\"${PODS_ROOT}/Headers/Public/React-callinvoker\"",
					"\"${PODS_ROOT}/Headers/Public/React-runtimeexecutor\"",
					"\"${PODS_ROOT}/Headers/Public/boost\"",
					"\"${PODS_ROOT}/Headers/Public/hermes-engine\"",
					"\"${PODS_ROOT}/Headers/Public/onnxruntime-c\"",
					"\"${PODS_ROOT}/Headers/Public/onnxruntime-extensions-c\"",
					"\"$(PODS_ROOT)/DoubleConversion\"",
					"\"$(PODS_ROOT)/boost\"",
					"\"$(PODS_ROOT)/boost\"",
					"\"$(PODS_ROOT)/boost-for-react-native\"",
					"\"$(PODS_ROOT)/glog\"",
					"\"$(PODS_ROOT)/RCT-Folly\"",
					"\"$(PODS_ROOT)/Headers/Public/React-hermes\"",
					"\"$(PODS_ROOT)/Headers/Public/hermes-engine\"",
					"\"$(PODS_ROOT)/../../node_modules/react-native/ReactCommon\"",
					"\"$(PODS_ROOT)/../../node_modules/react-native-reanimated/apple\"",
					"\"$(PODS_ROOT)/../../node_modules/react-native-reanimated/Common/cpp\"",
					"\"$(SRCROOT)/../node_modules/react-native-vision-camera/ios/FrameProcessors\"/**",
					"\"$(SRCROOT)/../node_modules/react-native-vision-camera/ios\"/**",
					"\"$(PODS_ROOT)/Headers/Private/React-Core\"",
				);
				INFOPLIST_FILE = WoodAITUAF/Info.plist;
				INFOPLIST_KEY_CFBundleDisplayName = WoodTNU;
				LD_RUNPATH_SEARCH_PATHS = (
					"$(inherited)",
					"@executable_path/Frameworks",
				);
				MARKETING_VERSION = 1.0;
				OTHER_LDFLAGS = (
					"$(inherited)",
					"-ObjC",
					"-lc++",
				);
				PRODUCT_BUNDLE_IDENTIFIER = com.wood.tnu.5loai;
				PRODUCT_NAME = WoodAITUAF;
				PROVISIONING_PROFILE_SPECIFIER = "";
				SWIFT_OBJC_BRIDGING_HEADER = "WoodAITUAF-Bridging-Header.h";
				SWIFT_VERSION = 5.0;
				VERSIONING_SYSTEM = "apple-generic";
			};
			name = Release;
		};
		83CBBA201A601CBA00E9B192 /* Debug */ = {
			isa = XCBuildConfiguration;
			buildSettings = {
				ALWAYS_SEARCH_USER_PATHS = NO;
				CLANG_ANALYZER_LOCALIZABILITY_NONLOCALIZED = YES;
				CLANG_CXX_LANGUAGE_STANDARD = "c++20";
				CLANG_CXX_LIBRARY = "libc++";
				CLANG_ENABLE_MODULES = YES;
				CLANG_ENABLE_OBJC_ARC = YES;
				CLANG_WARN_BLOCK_CAPTURE_AUTORELEASING = YES;
				CLANG_WARN_BOOL_CONVERSION = YES;
				CLANG_WARN_COMMA = YES;
				CLANG_WARN_CONSTANT_CONVERSION = YES;
				CLANG_WARN_DEPRECATED_OBJC_IMPLEMENTATIONS = YES;
				CLANG_WARN_DIRECT_OBJC_ISA_USAGE = YES_ERROR;
				CLANG_WARN_EMPTY_BODY = YES;
				CLANG_WARN_ENUM_CONVERSION = YES;
				CLANG_WARN_INFINITE_RECURSION = YES;
				CLANG_WARN_INT_CONVERSION = YES;
				CLANG_WARN_NON_LITERAL_NULL_CONVERSION = YES;
				CLANG_WARN_OBJC_IMPLICIT_RETAIN_SELF = YES;
				CLANG_WARN_OBJC_LITERAL_CONVERSION = YES;
				CLANG_WARN_OBJC_ROOT_CLASS = YES_ERROR;
				CLANG_WARN_QUOTED_INCLUDE_IN_FRAMEWORK_HEADER = YES;
				CLANG_WARN_RANGE_LOOP_ANALYSIS = YES;
				CLANG_WARN_STRICT_PROTOTYPES = YES;
				CLANG_WARN_SUSPICIOUS_MOVE = YES;
				CLANG_WARN_UNREACHABLE_CODE = YES;
				CLANG_WARN__DUPLICATE_METHOD_MATCH = YES;
				"CODE_SIGN_IDENTITY[sdk=iphoneos*]" = "iPhone Developer";
				COPY_PHASE_STRIP = NO;
				ENABLE_STRICT_OBJC_MSGSEND = YES;
				ENABLE_TESTABILITY = YES;
				ENABLE_USER_SCRIPT_SANDBOXING = YES;
				"EXCLUDED_ARCHS[sdk=iphonesimulator*]" = "";
				GCC_C_LANGUAGE_STANDARD = gnu99;
				GCC_DYNAMIC_NO_PIC = NO;
				GCC_NO_COMMON_BLOCKS = YES;
				GCC_OPTIMIZATION_LEVEL = 0;
				GCC_PREPROCESSOR_DEFINITIONS = (
					"DEBUG=1",
					"$(inherited)",
				);
				GCC_SYMBOLS_PRIVATE_EXTERN = NO;
				GCC_WARN_64_TO_32_BIT_CONVERSION = YES;
				GCC_WARN_ABOUT_RETURN_TYPE = YES_ERROR;
				GCC_WARN_UNDECLARED_SELECTOR = YES;
				GCC_WARN_UNINITIALIZED_AUTOS = YES_AGGRESSIVE;
				GCC_WARN_UNUSED_FUNCTION = YES;
				GCC_WARN_UNUSED_VARIABLE = YES;
				HEADER_SEARCH_PATHS = (
					"$(inherited)",
					"${PODS_CONFIGURATION_BUILD_DIR}/ReactCommon/ReactCommon.framework/Headers",
					"${PODS_CONFIGURATION_BUILD_DIR}/ReactCommon/ReactCommon.framework/Headers/react/nativemodule/core",
					"${PODS_CONFIGURATION_BUILD_DIR}/ReactCommon-Samples/ReactCommon_Samples.framework/Headers",
					"${PODS_CONFIGURATION_BUILD_DIR}/ReactCommon-Samples/ReactCommon_Samples.framework/Headers/platform/ios",
					"${PODS_CONFIGURATION_BUILD_DIR}/React-Fabric/React_Fabric.framework/Headers/react/renderer/components/view/platform/cxx",
					"${PODS_CONFIGURATION_BUILD_DIR}/React-NativeModulesApple/React_NativeModulesApple.framework/Headers",
					"${PODS_CONFIGURATION_BUILD_DIR}/React-graphics/React_graphics.framework/Headers",
					"${PODS_CONFIGURATION_BUILD_DIR}/React-graphics/React_graphics.framework/Headers/react/renderer/graphics/platform/ios",
				);
				IPHONEOS_DEPLOYMENT_TARGET = 15.1;
				LD_RUNPATH_SEARCH_PATHS = (
					/usr/lib/swift,
					"$(inherited)",
				);
				LIBRARY_SEARCH_PATHS = (
					"\"$(SDKROOT)/usr/lib/swift\"",
					"\"$(TOOLCHAIN_DIR)/usr/lib/swift/$(PLATFORM_NAME)\"",
					"\"$(inherited)\"",
				);
				MTL_ENABLE_DEBUG_INFO = YES;
				ONLY_ACTIVE_ARCH = YES;
				OTHER_CPLUSPLUSFLAGS = (
					"$(OTHER_CFLAGS)",
					"-DFOLLY_NO_CONFIG",
					"-DFOLLY_MOBILE=1",
					"-DFOLLY_USE_LIBCPP=1",
					"-DFOLLY_CFG_NO_COROUTINES=1",
					"-DFOLLY_HAVE_CLOCK_GETTIME=1",
				);
				OTHER_LDFLAGS = "$(inherited)  ";
				OTHER_SWIFT_FLAGS = "$(inherited) -DVISION_CAMERA_ENABLE_FRAME_PROCESSORS";
				REACT_NATIVE_PATH = "${PODS_ROOT}/../../node_modules/react-native";
				SDKROOT = iphoneos;
				SWIFT_ACTIVE_COMPILATION_CONDITIONS = "$(inherited) DEBUG";
				USE_HERMES = true;
			};
			name = Debug;
		};
		83CBBA211A601CBA00E9B192 /* Release */ = {
			isa = XCBuildConfiguration;
			buildSettings = {
				ALWAYS_SEARCH_USER_PATHS = NO;
				CLANG_ANALYZER_LOCALIZABILITY_NONLOCALIZED = YES;
				CLANG_CXX_LANGUAGE_STANDARD = "c++20";
				CLANG_CXX_LIBRARY = "libc++";
				CLANG_ENABLE_MODULES = YES;
				CLANG_ENABLE_OBJC_ARC = YES;
				CLANG_WARN_BLOCK_CAPTURE_AUTORELEASING = YES;
				CLANG_WARN_BOOL_CONVERSION = YES;
				CLANG_WARN_COMMA = YES;
				CLANG_WARN_CONSTANT_CONVERSION = YES;
				CLANG_WARN_DEPRECATED_OBJC_IMPLEMENTATIONS = YES;
				CLANG_WARN_DIRECT_OBJC_ISA_USAGE = YES_ERROR;
				CLANG_WARN_EMPTY_BODY = YES;
				CLANG_WARN_ENUM_CONVERSION = YES;
				CLANG_WARN_INFINITE_RECURSION = YES;
				CLANG_WARN_INT_CONVERSION = YES;
				CLANG_WARN_NON_LITERAL_NULL_CONVERSION = YES;
				CLANG_WARN_OBJC_IMPLICIT_RETAIN_SELF = YES;
				CLANG_WARN_OBJC_LITERAL_CONVERSION = YES;
				CLANG_WARN_OBJC_ROOT_CLASS = YES_ERROR;
				CLANG_WARN_QUOTED_INCLUDE_IN_FRAMEWORK_HEADER = YES;
				CLANG_WARN_RANGE_LOOP_ANALYSIS = YES;
				CLANG_WARN_STRICT_PROTOTYPES = YES;
				CLANG_WARN_SUSPICIOUS_MOVE = YES;
				CLANG_WARN_UNREACHABLE_CODE = YES;
				CLANG_WARN__DUPLICATE_METHOD_MATCH = YES;
				"CODE_SIGN_IDENTITY[sdk=iphoneos*]" = "iPhone Developer";
				COPY_PHASE_STRIP = YES;
				ENABLE_NS_ASSERTIONS = NO;
				ENABLE_STRICT_OBJC_MSGSEND = YES;
				ENABLE_USER_SCRIPT_SANDBOXING = YES;
				"EXCLUDED_ARCHS[sdk=iphonesimulator*]" = "";
				GCC_C_LANGUAGE_STANDARD = gnu99;
				GCC_NO_COMMON_BLOCKS = YES;
				GCC_WARN_64_TO_32_BIT_CONVERSION = YES;
				GCC_WARN_ABOUT_RETURN_TYPE = YES_ERROR;
				GCC_WARN_UNDECLARED_SELECTOR = YES;
				GCC_WARN_UNINITIALIZED_AUTOS = YES_AGGRESSIVE;
				GCC_WARN_UNUSED_FUNCTION = YES;
				GCC_WARN_UNUSED_VARIABLE = YES;
				HEADER_SEARCH_PATHS = (
					"$(inherited)",
					"${PODS_CONFIGURATION_BUILD_DIR}/ReactCommon/ReactCommon.framework/Headers",
					"${PODS_CONFIGURATION_BUILD_DIR}/ReactCommon/ReactCommon.framework/Headers/react/nativemodule/core",
					"${PODS_CONFIGURATION_BUILD_DIR}/ReactCommon-Samples/ReactCommon_Samples.framework/Headers",
					"${PODS_CONFIGURATION_BUILD_DIR}/ReactCommon-Samples/ReactCommon_Samples.framework/Headers/platform/ios",
					"${PODS_CONFIGURATION_BUILD_DIR}/React-Fabric/React_Fabric.framework/Headers/react/renderer/components/view/platform/cxx",
					"${PODS_CONFIGURATION_BUILD_DIR}/React-NativeModulesApple/React_NativeModulesApple.framework/Headers",
					"${PODS_CONFIGURATION_BUILD_DIR}/React-graphics/React_graphics.framework/Headers",
					"${PODS_CONFIGURATION_BUILD_DIR}/React-graphics/React_graphics.framework/Headers/react/renderer/graphics/platform/ios",
				);
				IPHONEOS_DEPLOYMENT_TARGET = 15.1;
				LD_RUNPATH_SEARCH_PATHS = (
					/usr/lib/swift,
					"$(inherited)",
				);
				LIBRARY_SEARCH_PATHS = (
					"\"$(SDKROOT)/usr/lib/swift\"",
					"\"$(TOOLCHAIN_DIR)/usr/lib/swift/$(PLATFORM_NAME)\"",
					"\"$(inherited)\"",
				);
				MTL_ENABLE_DEBUG_INFO = NO;
				OTHER_CPLUSPLUSFLAGS = (
					"$(OTHER_CFLAGS)",
					"-DFOLLY_NO_CONFIG",
					"-DFOLLY_MOBILE=1",
					"-DFOLLY_USE_LIBCPP=1",
					"-DFOLLY_CFG_NO_COROUTINES=1",
					"-DFOLLY_HAVE_CLOCK_GETTIME=1",
				);
				OTHER_LDFLAGS = "$(inherited)  ";
				OTHER_SWIFT_FLAGS = "$(inherited) -DVISION_CAMERA_ENABLE_FRAME_PROCESSORS";
				REACT_NATIVE_PATH = "${PODS_ROOT}/../../node_modules/react-native";
				SDKROOT = iphoneos;
				SWIFT_COMPILATION_MODE = wholemodule;
				USE_HERMES = true;
				VALIDATE_PRODUCT = YES;
			};
			name = Release;
		};
/* End XCBuildConfiguration section */

/* Begin XCConfigurationList section */
		00E357021AD99517003FC87E /* Build configuration list for PBXNativeTarget "WoodAITUAFTests" */ = {
			isa = XCConfigurationList;
			buildConfigurations = (
				00E356F61AD99517003FC87E /* Debug */,
				00E356F71AD99517003FC87E /* Release */,
			);
			defaultConfigurationIsVisible = 0;
			defaultConfigurationName = Release;
		};
		13B07F931A680F5B00A75B9A /* Build configuration list for PBXNativeTarget "WoodAITUAF" */ = {
			isa = XCConfigurationList;
			buildConfigurations = (
				13B07F941A680F5B00A75B9A /* Debug */,
				13B07F951A680F5B00A75B9A /* Release */,
			);
			defaultConfigurationIsVisible = 0;
			defaultConfigurationName = Release;
		};
		83CBB9FA1A601CBA00E9B192 /* Build configuration list for PBXProject "WoodAITUAF" */ = {
			isa = XCConfigurationList;
			buildConfigurations = (
				83CBBA201A601CBA00E9B192 /* Debug */,
				83CBBA211A601CBA00E9B192 /* Release */,
			);
			defaultConfigurationIsVisible = 0;
			defaultConfigurationName = Release;
		};
/* End XCConfigurationList section */
	};
	rootObject = 83CBB9F71A601CBA00E9B192 /* Project object */;
}
